
Microsoft Visual Studio Solution File, Format Version 12.00
# Visual Studio 15
VisualStudioVersion = 15.0.28307.421
MinimumVisualStudioVersion = 10.0.40219.1
Project("{9A19103F-16F7-4668-BE54-9A1E7A4F7556}") = "InterviewApp", "InterviewApp\InterviewApp.csproj", "{0298117C-E121-46A3-8984-ADC0019DB40D}"
EndProject
Project("{9A19103F-16F7-4668-BE54-9A1E7A4F7556}") = "InterviewApp.Business", "InterviewApp.Business\InterviewApp.Business.csproj", "{24176970-4EB0-4696-9425-84D9552DF0B6}"
EndProject
Project("{9A19103F-16F7-4668-BE54-9A1E7A4F7556}") = "InterviewApp.Data", "InterviewApp.Data\InterviewApp.Data.csproj", "{79756469-B1E6-463A-81B8-86606DF223AE}"
EndProject
Project("{2150E333-8FDC-42A3-9474-1A3956D46DE8}") = "Data", "Data", "{0E51753E-79C6-40A8-AB4F-B920F443F4BE}"
EndProject
Project("{FAE04EC0-301F-11D3-BF4B-00C04F79EFBC}") = "InterviewApp.Data.Contracts", "InterviewApp.Data.Contracts\InterviewApp.Data.Contracts.csproj", "{BF7FA9D8-048B-4BEA-8858-ED622EF19215}"
EndProject
Project("{FAE04EC0-301F-11D3-BF4B-00C04F79EFBC}") = "InterviewApp.Models", "InterviewApp.Models\InterviewApp.Models.csproj", "{CBE84525-1104-44D2-A527-09C67C234789}"
EndProject
Global
	GlobalSection(SolutionConfigurationPlatforms) = preSolution
		Debug|Any CPU = Debug|Any CPU
		Release|Any CPU = Release|Any CPU
	EndGlobalSection
	GlobalSection(ProjectConfigurationPlatforms) = postSolution
		{0298117C-E121-46A3-8984-ADC0019DB40D}.Debug|Any CPU.ActiveCfg = Debug|Any CPU
		{0298117C-E121-46A3-8984-ADC0019DB40D}.Debug|Any CPU.Build.0 = Debug|Any CPU
		{0298117C-E121-46A3-8984-ADC0019DB40D}.Release|Any CPU.ActiveCfg = Release|Any CPU
		{0298117C-E121-46A3-8984-ADC0019DB40D}.Release|Any CPU.Build.0 = Release|Any CPU
		{24176970-4EB0-4696-9425-84D9552DF0B6}.Debug|Any CPU.ActiveCfg = Debug|Any CPU
		{24176970-4EB0-4696-9425-84D9552DF0B6}.Debug|Any CPU.Build.0 = Debug|Any CPU
		{24176970-4EB0-4696-9425-84D9552DF0B6}.Release|Any CPU.ActiveCfg = Release|Any CPU
		{24176970-4EB0-4696-9425-84D9552DF0B6}.Release|Any CPU.Build.0 = Release|Any CPU
		{79756469-B1E6-463A-81B8-86606DF223AE}.Debug|Any CPU.ActiveCfg = Debug|Any CPU
		{79756469-B1E6-463A-81B8-86606DF223AE}.Debug|Any CPU.Build.0 = Debug|Any CPU
		{79756469-B1E6-463A-81B8-86606DF223AE}.Release|Any CPU.ActiveCfg = Release|Any CPU
		{79756469-B1E6-463A-81B8-86606DF223AE}.Release|Any CPU.Build.0 = Release|Any CPU
		{BF7FA9D8-048B-4BEA-8858-ED622EF19215}.Debug|Any CPU.ActiveCfg = Debug|Any CPU
		{BF7FA9D8-048B-4BEA-8858-ED622EF19215}.Debug|Any CPU.Build.0 = Debug|Any CPU
		{BF7FA9D8-048B-4BEA-8858-ED622EF19215}.Release|Any CPU.ActiveCfg = Release|Any CPU
		{BF7FA9D8-048B-4BEA-8858-ED622EF19215}.Release|Any CPU.Build.0 = Release|Any CPU
		{CBE84525-1104-44D2-A527-09C67C234789}.Debug|Any CPU.ActiveCfg = Debug|Any CPU
		{CBE84525-1104-44D2-A527-09C67C234789}.Debug|Any CPU.Build.0 = Debug|Any CPU
		{CBE84525-1104-44D2-A527-09C67C234789}.Release|Any CPU.ActiveCfg = Release|Any CPU
		{CBE84525-1104-44D2-A527-09C67C234789}.Release|Any CPU.Build.0 = Release|Any CPU
	EndGlobalSection
	GlobalSection(SolutionProperties) = preSolution
		HideSolutionNode = FALSE
	EndGlobalSection
	GlobalSection(NestedProjects) = preSolution
		{79756469-B1E6-463A-81B8-86606DF223AE} = {0E51753E-79C6-40A8-AB4F-B920F443F4BE}
		{BF7FA9D8-048B-4BEA-8858-ED622EF19215} = {0E51753E-79C6-40A8-AB4F-B920F443F4BE}
	EndGlobalSection
	GlobalSection(ExtensibilityGlobals) = postSolution
		SolutionGuid = {7319F35A-67F2-456E-8AFF-BAC26B93AFFD}
	EndGlobalSection
EndGlobal
